%{"anubis": {:hex, :anubis, "0.1.0"},
  "calliope": {:hex, :calliope, "0.3.0"},
  "chronos": {:hex, :chronos, "1.0.0"},
  "cowboy": {:hex, :cowboy, "1.0.4"},
  "cowlib": {:hex, :cowlib, "1.0.2"},
  "earmark": {:hex, :earmark, "0.1.19"},
  "meck": {:hex, :meck, "0.8.4"},
  "mock": {:hex, :mock, "0.1.3"},
  "obelisk": {:git, "https://github.com/cyberdot/obelisk.git", "16b7deade8ffdf5d0d77d3b985089433955f4bf8", []},
  "plug": {:hex, :plug, "0.11.3"},
  "ranch": {:hex, :ranch, "1.2.1"},
  "rss": {:hex, :rss, "0.2.1"},
  "xylograph": {:git, "https://github.com/cyberdot/xylograph.git", "b1b8f4162070311b813d60101125baae2c780ccf", []},
  "yamerl": {:git, "https://github.com/yakaz/yamerl.git", "ae810a808817d9482b4628ae3e20d746e3729fe0", []}}
