%{"anubis": {:hex, :anubis, "0.1.0"},
  "calliope": {:hex, :calliope, "0.3.0"},
  "chronos": {:hex, :chronos, "1.0.0"},
  "cowboy": {:hex, :cowboy, "1.0.4"},
  "cowlib": {:hex, :cowlib, "1.0.2"},
  "earmark": {:hex, :earmark, "0.1.19"},
  "plug": {:hex, :plug, "0.11.3"},
  "poison": {:hex, :poison, "2.1.0"},
  "ranch": {:hex, :ranch, "1.2.1"},
  "rss": {:hex, :rss, "0.2.1"},
  "xylograph": {:git, "https://github.com/cyberdot/xylograph.git", "b9d1b2fe083d2ac56dcc148e6c0ab8333cda6264", []}}
